// !$*UTF8*$!
{
	archiveVersion = 1;
	classes = {
	};
	objectVersion = 46;
	objects = {

/* Begin PBXBuildFile section */
		1D60589F0D05DD5A006BFB54 /* Foundation.framework in Frameworks */ = {isa = PBXBuildFile; fileRef = 1D30AB110D05D00D00671497 /* Foundation.framework */; };
		1DF5F4E00D08C38300B7A737 /* UIKit.framework in Frameworks */ = {isa = PBXBuildFile; fileRef = 1DF5F4DF0D08C38300B7A737 /* UIKit.framework */; };
		223EA8AD1EF612840077DB54 /* Shader in Resources */ = {isa = PBXBuildFile; fileRef = 223EA8AC1EF612840077DB54 /* Shader */; };
		223EA8AF1EF61BA80077DB54 /* AppleSystemTools.mm in Sources */ = {isa = PBXBuildFile; fileRef = 223EA8AE1EF61BA80077DB54 /* AppleSystemTools.mm */; };
		223EA8B31EF6225C0077DB54 /* PerformanceTimer.cpp in Sources */ = {isa = PBXBuildFile; fileRef = 223EA8B11EF6225C0077DB54 /* PerformanceTimer.cpp */; };
		223EA8B71EF627EF0077DB54 /* Application.cpp in Sources */ = {isa = PBXBuildFile; fileRef = 223EA8B51EF627EF0077DB54 /* Application.cpp */; };
		223EA8BA1EF62BE20077DB54 /* ModelViewer.cpp in Sources */ = {isa = PBXBuildFile; fileRef = 223EA8B81EF62BE20077DB54 /* ModelViewer.cpp */; };
		223EA8BE1EF643D70077DB54 /* Material.cpp in Sources */ = {isa = PBXBuildFile; fileRef = 223EA8BC1EF643D70077DB54 /* Material.cpp */; };
		22529AAA1EF5818600FDC476 /* Display.cpp in Sources */ = {isa = PBXBuildFile; fileRef = 22529A971EF5818600FDC476 /* Display.cpp */; };
		22529AAB1EF5818600FDC476 /* Input.cpp in Sources */ = {isa = PBXBuildFile; fileRef = 22529A991EF5818600FDC476 /* Input.cpp */; };
		22529AAC1EF5818600FDC476 /* Json.cpp in Sources */ = {isa = PBXBuildFile; fileRef = 22529A9B1EF5818600FDC476 /* Json.cpp */; };
		22529AAD1EF5818600FDC476 /* main.cpp in Sources */ = {isa = PBXBuildFile; fileRef = 22529A9D1EF5818600FDC476 /* main.cpp */; };
		22529AAE1EF5818600FDC476 /* Mesh.cpp in Sources */ = {isa = PBXBuildFile; fileRef = 22529A9F1EF5818600FDC476 /* Mesh.cpp */; };
		22529AAF1EF5818600FDC476 /* RenderEngine.cpp in Sources */ = {isa = PBXBuildFile; fileRef = 22529AA21EF5818600FDC476 /* RenderEngine.cpp */; };
		22529AB01EF5818600FDC476 /* ShaderProgram.cpp in Sources */ = {isa = PBXBuildFile; fileRef = 22529AA41EF5818600FDC476 /* ShaderProgram.cpp */; };
		22529AB11EF5818600FDC476 /* Vertex.cpp in Sources */ = {isa = PBXBuildFile; fileRef = 22529AA61EF5818600FDC476 /* Vertex.cpp */; };
		22529AB21EF5818600FDC476 /* VertexBuffer.cpp in Sources */ = {isa = PBXBuildFile; fileRef = 22529AA81EF5818600FDC476 /* VertexBuffer.cpp */; };
		22C7C7351EF4E046009DA6B2 /* AVFoundation.framework in Frameworks */ = {isa = PBXBuildFile; fileRef = 22C7C7341EF4E046009DA6B2 /* AVFoundation.framework */; };
		22C7C7401EF4E1E4009DA6B2 /* imgui_demo.cpp in Sources */ = {isa = PBXBuildFile; fileRef = 22C7C7381EF4E1E4009DA6B2 /* imgui_demo.cpp */; };
		22C7C7411EF4E1E4009DA6B2 /* imgui_draw.cpp in Sources */ = {isa = PBXBuildFile; fileRef = 22C7C7391EF4E1E4009DA6B2 /* imgui_draw.cpp */; };
		22C7C7421EF4E1E4009DA6B2 /* imgui.cpp in Sources */ = {isa = PBXBuildFile; fileRef = 22C7C73B1EF4E1E4009DA6B2 /* imgui.cpp */; };
		22C7C7461EF4E3C7009DA6B2 /* imgui_impl_sdl_gl3.cpp in Sources */ = {isa = PBXBuildFile; fileRef = 22C7C7431EF4E3C7009DA6B2 /* imgui_impl_sdl_gl3.cpp */; };
		22C7C7491EF52030009DA6B2 /* libz.tbd in Frameworks */ = {isa = PBXBuildFile; fileRef = 22C7C7481EF52030009DA6B2 /* libz.tbd */; };
		28FD15000DC6FC520079059D /* OpenGLES.framework in Frameworks */ = {isa = PBXBuildFile; fileRef = 28FD14FF0DC6FC520079059D /* OpenGLES.framework */; };
		28FD15080DC6FC5B0079059D /* QuartzCore.framework in Frameworks */ = {isa = PBXBuildFile; fileRef = 28FD15070DC6FC5B0079059D /* QuartzCore.framework */; };
		944A656F195747D90094A81E /* libSDL2.a in Frameworks */ = {isa = PBXBuildFile; fileRef = 944A656E1957463F0094A81E /* libSDL2.a */; };
		945C4F53195AF17F00DBBF61 /* Default-568h@2x.png in Resources */ = {isa = PBXBuildFile; fileRef = 945C4F52195AF17F00DBBF61 /* Default-568h@2x.png */; };
		FA8B4B97196703B400F8EB7C /* CoreMotion.framework in Frameworks */ = {isa = PBXBuildFile; fileRef = FA8B4B96196703B400F8EB7C /* CoreMotion.framework */; };
		FAE0E9651BAF967F0098DFA4 /* GameController.framework in Frameworks */ = {isa = PBXBuildFile; fileRef = FAE0E9641BAF967F0098DFA4 /* GameController.framework */; };
		FD779EDE0E26BA1200F39101 /* CoreAudio.framework in Frameworks */ = {isa = PBXBuildFile; fileRef = FD779EDD0E26BA1200F39101 /* CoreAudio.framework */; };
		FD77A07D0E26BD8C00F39101 /* Icon.png in Resources */ = {isa = PBXBuildFile; fileRef = FD77A07C0E26BD8C00F39101 /* Icon.png */; };
		FD77A07F0E26BDA900F39101 /* Default.png in Resources */ = {isa = PBXBuildFile; fileRef = FD77A07E0E26BDA900F39101 /* Default.png */; };
		FD77A0850E26BDB800F39101 /* AudioToolbox.framework in Frameworks */ = {isa = PBXBuildFile; fileRef = FD77A0840E26BDB800F39101 /* AudioToolbox.framework */; };
		FDB8BFC60E5A0F6A00980157 /* CoreGraphics.framework in Frameworks */ = {isa = PBXBuildFile; fileRef = FDB8BFC50E5A0F6A00980157 /* CoreGraphics.framework */; };
/* End PBXBuildFile section */

/* Begin PBXContainerItemProxy section */
		22C7C72E1EF4DCE3009DA6B2 /* PBXContainerItemProxy */ = {
			isa = PBXContainerItemProxy;
			containerPortal = 944A65681957463F0094A81E /* SDL.xcodeproj */;
			proxyType = 2;
			remoteGlobalIDString = FAB598141BB5C1B100BE72C5;
			remoteInfo = "libSDL-tv";
		};
		944A656D1957463F0094A81E /* PBXContainerItemProxy */ = {
			isa = PBXContainerItemProxy;
			containerPortal = 944A65681957463F0094A81E /* SDL.xcodeproj */;
			proxyType = 2;
			remoteGlobalIDString = FD6526630DE8FCCB002AD96B;
			remoteInfo = libSDL;
		};
/* End PBXContainerItemProxy section */

/* Begin PBXFileReference section */
		1D30AB110D05D00D00671497 /* Foundation.framework */ = {isa = PBXFileReference; lastKnownFileType = wrapper.framework; name = Foundation.framework; path = System/Library/Frameworks/Foundation.framework; sourceTree = SDKROOT; };
		1D6058910D05DD3D006BFB54 /* JustRay.app */ = {isa = PBXFileReference; explicitFileType = wrapper.application; includeInIndex = 0; path = JustRay.app; sourceTree = BUILT_PRODUCTS_DIR; };
		1DF5F4DF0D08C38300B7A737 /* UIKit.framework */ = {isa = PBXFileReference; lastKnownFileType = wrapper.framework; name = UIKit.framework; path = System/Library/Frameworks/UIKit.framework; sourceTree = SDKROOT; };
		223EA8AC1EF612840077DB54 /* Shader */ = {isa = PBXFileReference; lastKnownFileType = folder; name = Shader; path = Resource/Shader; sourceTree = "<group>"; };
		223EA8AE1EF61BA80077DB54 /* AppleSystemTools.mm */ = {isa = PBXFileReference; fileEncoding = 4; lastKnownFileType = sourcecode.cpp.objcpp; name = AppleSystemTools.mm; path = Source/AppleSystemTools.mm; sourceTree = "<group>"; };
		223EA8B01EF61C0E0077DB54 /* AppleSystemTools.h */ = {isa = PBXFileReference; lastKnownFileType = sourcecode.c.h; name = AppleSystemTools.h; path = Source/AppleSystemTools.h; sourceTree = "<group>"; };
		223EA8B11EF6225C0077DB54 /* PerformanceTimer.cpp */ = {isa = PBXFileReference; fileEncoding = 4; lastKnownFileType = sourcecode.cpp.cpp; name = PerformanceTimer.cpp; path = Source/PerformanceTimer.cpp; sourceTree = "<group>"; };
		223EA8B21EF6225C0077DB54 /* PerformanceTimer.h */ = {isa = PBXFileReference; fileEncoding = 4; lastKnownFileType = sourcecode.c.h; name = PerformanceTimer.h; path = Source/PerformanceTimer.h; sourceTree = "<group>"; };
		223EA8B51EF627EF0077DB54 /* Application.cpp */ = {isa = PBXFileReference; fileEncoding = 4; lastKnownFileType = sourcecode.cpp.cpp; name = Application.cpp; path = Source/Application.cpp; sourceTree = "<group>"; };
		223EA8B61EF627EF0077DB54 /* Application.h */ = {isa = PBXFileReference; fileEncoding = 4; lastKnownFileType = sourcecode.c.h; name = Application.h; path = Source/Application.h; sourceTree = "<group>"; };
		223EA8B81EF62BE20077DB54 /* ModelViewer.cpp */ = {isa = PBXFileReference; fileEncoding = 4; lastKnownFileType = sourcecode.cpp.cpp; name = ModelViewer.cpp; path = Source/ModelViewer.cpp; sourceTree = "<group>"; };
		223EA8B91EF62BE20077DB54 /* ModelViewer.h */ = {isa = PBXFileReference; fileEncoding = 4; lastKnownFileType = sourcecode.c.h; name = ModelViewer.h; path = Source/ModelViewer.h; sourceTree = "<group>"; };
		223EA8BC1EF643D70077DB54 /* Material.cpp */ = {isa = PBXFileReference; fileEncoding = 4; lastKnownFileType = sourcecode.cpp.cpp; name = Material.cpp; path = Source/Material.cpp; sourceTree = "<group>"; };
		223EA8BD1EF643D70077DB54 /* Material.h */ = {isa = PBXFileReference; fileEncoding = 4; lastKnownFileType = sourcecode.c.h; name = Material.h; path = Source/Material.h; sourceTree = "<group>"; };
		22529A971EF5818600FDC476 /* Display.cpp */ = {isa = PBXFileReference; fileEncoding = 4; lastKnownFileType = sourcecode.cpp.cpp; name = Display.cpp; path = Source/Display.cpp; sourceTree = "<group>"; };
		22529A981EF5818600FDC476 /* Display.h */ = {isa = PBXFileReference; fileEncoding = 4; lastKnownFileType = sourcecode.c.h; name = Display.h; path = Source/Display.h; sourceTree = "<group>"; };
		22529A991EF5818600FDC476 /* Input.cpp */ = {isa = PBXFileReference; fileEncoding = 4; lastKnownFileType = sourcecode.cpp.cpp; name = Input.cpp; path = Source/Input.cpp; sourceTree = "<group>"; };
		22529A9A1EF5818600FDC476 /* Input.h */ = {isa = PBXFileReference; fileEncoding = 4; lastKnownFileType = sourcecode.c.h; name = Input.h; path = Source/Input.h; sourceTree = "<group>"; };
		22529A9B1EF5818600FDC476 /* Json.cpp */ = {isa = PBXFileReference; fileEncoding = 4; lastKnownFileType = sourcecode.cpp.cpp; name = Json.cpp; path = Source/Json.cpp; sourceTree = "<group>"; };
		22529A9C1EF5818600FDC476 /* Json.h */ = {isa = PBXFileReference; fileEncoding = 4; lastKnownFileType = sourcecode.c.h; name = Json.h; path = Source/Json.h; sourceTree = "<group>"; };
		22529A9D1EF5818600FDC476 /* main.cpp */ = {isa = PBXFileReference; fileEncoding = 4; lastKnownFileType = sourcecode.cpp.cpp; name = main.cpp; path = Source/main.cpp; sourceTree = "<group>"; };
		22529A9E1EF5818600FDC476 /* MathUtil.h */ = {isa = PBXFileReference; fileEncoding = 4; lastKnownFileType = sourcecode.c.h; name = MathUtil.h; path = Source/MathUtil.h; sourceTree = "<group>"; };
		22529A9F1EF5818600FDC476 /* Mesh.cpp */ = {isa = PBXFileReference; fileEncoding = 4; lastKnownFileType = sourcecode.cpp.cpp; name = Mesh.cpp; path = Source/Mesh.cpp; sourceTree = "<group>"; };
		22529AA01EF5818600FDC476 /* Mesh.h */ = {isa = PBXFileReference; fileEncoding = 4; lastKnownFileType = sourcecode.c.h; name = Mesh.h; path = Source/Mesh.h; sourceTree = "<group>"; };
		22529AA11EF5818600FDC476 /* Platform.h */ = {isa = PBXFileReference; fileEncoding = 4; lastKnownFileType = sourcecode.c.h; name = Platform.h; path = Source/Platform.h; sourceTree = "<group>"; };
		22529AA21EF5818600FDC476 /* RenderEngine.cpp */ = {isa = PBXFileReference; fileEncoding = 4; lastKnownFileType = sourcecode.cpp.cpp; name = RenderEngine.cpp; path = Source/RenderEngine.cpp; sourceTree = "<group>"; };
		22529AA31EF5818600FDC476 /* RenderEngine.h */ = {isa = PBXFileReference; fileEncoding = 4; lastKnownFileType = sourcecode.c.h; name = RenderEngine.h; path = Source/RenderEngine.h; sourceTree = "<group>"; };
		22529AA41EF5818600FDC476 /* ShaderProgram.cpp */ = {isa = PBXFileReference; fileEncoding = 4; lastKnownFileType = sourcecode.cpp.cpp; name = ShaderProgram.cpp; path = Source/ShaderProgram.cpp; sourceTree = "<group>"; };
		22529AA51EF5818600FDC476 /* ShaderProgram.h */ = {isa = PBXFileReference; fileEncoding = 4; lastKnownFileType = sourcecode.c.h; name = ShaderProgram.h; path = Source/ShaderProgram.h; sourceTree = "<group>"; };
		22529AA61EF5818600FDC476 /* Vertex.cpp */ = {isa = PBXFileReference; fileEncoding = 4; lastKnownFileType = sourcecode.cpp.cpp; name = Vertex.cpp; path = Source/Vertex.cpp; sourceTree = "<group>"; };
		22529AA71EF5818600FDC476 /* Vertex.h */ = {isa = PBXFileReference; fileEncoding = 4; lastKnownFileType = sourcecode.c.h; name = Vertex.h; path = Source/Vertex.h; sourceTree = "<group>"; };
		22529AA81EF5818600FDC476 /* VertexBuffer.cpp */ = {isa = PBXFileReference; fileEncoding = 4; lastKnownFileType = sourcecode.cpp.cpp; name = VertexBuffer.cpp; path = Source/VertexBuffer.cpp; sourceTree = "<group>"; };
		22529AA91EF5818600FDC476 /* VertexBuffer.h */ = {isa = PBXFileReference; fileEncoding = 4; lastKnownFileType = sourcecode.c.h; name = VertexBuffer.h; path = Source/VertexBuffer.h; sourceTree = "<group>"; };
		22C7C7341EF4E046009DA6B2 /* AVFoundation.framework */ = {isa = PBXFileReference; lastKnownFileType = wrapper.framework; name = AVFoundation.framework; path = System/Library/Frameworks/AVFoundation.framework; sourceTree = SDKROOT; };
		22C7C7371EF4E1E4009DA6B2 /* imconfig.h */ = {isa = PBXFileReference; fileEncoding = 4; lastKnownFileType = sourcecode.c.h; name = imconfig.h; path = ThirdParty/imgui/imconfig.h; sourceTree = "<group>"; };
		22C7C7381EF4E1E4009DA6B2 /* imgui_demo.cpp */ = {isa = PBXFileReference; fileEncoding = 4; lastKnownFileType = sourcecode.cpp.cpp; name = imgui_demo.cpp; path = ThirdParty/imgui/imgui_demo.cpp; sourceTree = "<group>"; };
		22C7C7391EF4E1E4009DA6B2 /* imgui_draw.cpp */ = {isa = PBXFileReference; fileEncoding = 4; lastKnownFileType = sourcecode.cpp.cpp; name = imgui_draw.cpp; path = ThirdParty/imgui/imgui_draw.cpp; sourceTree = "<group>"; };
		22C7C73A1EF4E1E4009DA6B2 /* imgui_internal.h */ = {isa = PBXFileReference; fileEncoding = 4; lastKnownFileType = sourcecode.c.h; name = imgui_internal.h; path = ThirdParty/imgui/imgui_internal.h; sourceTree = "<group>"; };
		22C7C73B1EF4E1E4009DA6B2 /* imgui.cpp */ = {isa = PBXFileReference; fileEncoding = 4; lastKnownFileType = sourcecode.cpp.cpp; name = imgui.cpp; path = ThirdParty/imgui/imgui.cpp; sourceTree = "<group>"; };
		22C7C73C1EF4E1E4009DA6B2 /* imgui.h */ = {isa = PBXFileReference; fileEncoding = 4; lastKnownFileType = sourcecode.c.h; name = imgui.h; path = ThirdParty/imgui/imgui.h; sourceTree = "<group>"; };
		22C7C73D1EF4E1E4009DA6B2 /* stb_rect_pack.h */ = {isa = PBXFileReference; fileEncoding = 4; lastKnownFileType = sourcecode.c.h; name = stb_rect_pack.h; path = ThirdParty/imgui/stb_rect_pack.h; sourceTree = "<group>"; };
		22C7C73E1EF4E1E4009DA6B2 /* stb_textedit.h */ = {isa = PBXFileReference; fileEncoding = 4; lastKnownFileType = sourcecode.c.h; name = stb_textedit.h; path = ThirdParty/imgui/stb_textedit.h; sourceTree = "<group>"; };
		22C7C73F1EF4E1E4009DA6B2 /* stb_truetype.h */ = {isa = PBXFileReference; fileEncoding = 4; lastKnownFileType = sourcecode.c.h; name = stb_truetype.h; path = ThirdParty/imgui/stb_truetype.h; sourceTree = "<group>"; };
		22C7C7431EF4E3C7009DA6B2 /* imgui_impl_sdl_gl3.cpp */ = {isa = PBXFileReference; fileEncoding = 4; lastKnownFileType = sourcecode.cpp.cpp; name = imgui_impl_sdl_gl3.cpp; path = ThirdParty/imgui/examples/sdl_opengl3_example/imgui_impl_sdl_gl3.cpp; sourceTree = "<group>"; };
		22C7C7441EF4E3C7009DA6B2 /* imgui_impl_sdl_gl3.h */ = {isa = PBXFileReference; fileEncoding = 4; lastKnownFileType = sourcecode.c.h; name = imgui_impl_sdl_gl3.h; path = ThirdParty/imgui/examples/sdl_opengl3_example/imgui_impl_sdl_gl3.h; sourceTree = "<group>"; };
		22C7C7481EF52030009DA6B2 /* libz.tbd */ = {isa = PBXFileReference; lastKnownFileType = "sourcecode.text-based-dylib-definition"; name = libz.tbd; path = usr/lib/libz.tbd; sourceTree = SDKROOT; };
		28FD14FF0DC6FC520079059D /* OpenGLES.framework */ = {isa = PBXFileReference; lastKnownFileType = wrapper.framework; name = OpenGLES.framework; path = System/Library/Frameworks/OpenGLES.framework; sourceTree = SDKROOT; };
		28FD15070DC6FC5B0079059D /* QuartzCore.framework */ = {isa = PBXFileReference; lastKnownFileType = wrapper.framework; name = QuartzCore.framework; path = System/Library/Frameworks/QuartzCore.framework; sourceTree = SDKROOT; };
		8D1107310486CEB800E47090 /* Info.plist */ = {isa = PBXFileReference; fileEncoding = 4; lastKnownFileType = text.plist.xml; path = Info.plist; sourceTree = "<group>"; };
		944A65681957463F0094A81E /* SDL.xcodeproj */ = {isa = PBXFileReference; lastKnownFileType = "wrapper.pb-project"; name = SDL.xcodeproj; path = ../../SDL/SDL.xcodeproj; sourceTree = "<group>"; };
		945C4F52195AF17F00DBBF61 /* Default-568h@2x.png */ = {isa = PBXFileReference; lastKnownFileType = image.png; path = "Default-568h@2x.png"; sourceTree = "<group>"; };
		FA8B4B96196703B400F8EB7C /* CoreMotion.framework */ = {isa = PBXFileReference; lastKnownFileType = wrapper.framework; name = CoreMotion.framework; path = System/Library/Frameworks/CoreMotion.framework; sourceTree = SDKROOT; };
		FAE0E9641BAF967F0098DFA4 /* GameController.framework */ = {isa = PBXFileReference; lastKnownFileType = wrapper.framework; name = GameController.framework; path = System/Library/Frameworks/GameController.framework; sourceTree = SDKROOT; };
		FD779EDD0E26BA1200F39101 /* CoreAudio.framework */ = {isa = PBXFileReference; lastKnownFileType = wrapper.framework; name = CoreAudio.framework; path = System/Library/Frameworks/CoreAudio.framework; sourceTree = SDKROOT; };
		FD77A07C0E26BD8C00F39101 /* Icon.png */ = {isa = PBXFileReference; lastKnownFileType = image.png; path = Icon.png; sourceTree = "<group>"; };
		FD77A07E0E26BDA900F39101 /* Default.png */ = {isa = PBXFileReference; lastKnownFileType = image.png; path = Default.png; sourceTree = "<group>"; };
		FD77A0840E26BDB800F39101 /* AudioToolbox.framework */ = {isa = PBXFileReference; lastKnownFileType = wrapper.framework; name = AudioToolbox.framework; path = System/Library/Frameworks/AudioToolbox.framework; sourceTree = SDKROOT; };
		FDB8BFC50E5A0F6A00980157 /* CoreGraphics.framework */ = {isa = PBXFileReference; lastKnownFileType = wrapper.framework; name = CoreGraphics.framework; path = System/Library/Frameworks/CoreGraphics.framework; sourceTree = SDKROOT; };
/* End PBXFileReference section */

/* Begin PBXFrameworksBuildPhase section */
		1D60588F0D05DD3D006BFB54 /* Frameworks */ = {
			isa = PBXFrameworksBuildPhase;
			buildActionMask = 2147483647;
			files = (
				22C7C7491EF52030009DA6B2 /* libz.tbd in Frameworks */,
				28FD15000DC6FC520079059D /* OpenGLES.framework in Frameworks */,
				22C7C7351EF4E046009DA6B2 /* AVFoundation.framework in Frameworks */,
				944A656F195747D90094A81E /* libSDL2.a in Frameworks */,
				FAE0E9651BAF967F0098DFA4 /* GameController.framework in Frameworks */,
				1D60589F0D05DD5A006BFB54 /* Foundation.framework in Frameworks */,
				1DF5F4E00D08C38300B7A737 /* UIKit.framework in Frameworks */,
				28FD15080DC6FC5B0079059D /* QuartzCore.framework in Frameworks */,
				FD779EDE0E26BA1200F39101 /* CoreAudio.framework in Frameworks */,
				FD77A0850E26BDB800F39101 /* AudioToolbox.framework in Frameworks */,
				FDB8BFC60E5A0F6A00980157 /* CoreGraphics.framework in Frameworks */,
				FA8B4B97196703B400F8EB7C /* CoreMotion.framework in Frameworks */,
			);
			runOnlyForDeploymentPostprocessing = 0;
		};
/* End PBXFrameworksBuildPhase section */

/* Begin PBXGroup section */
		19C28FACFE9D520D11CA2CBB /* Product */ = {
			isa = PBXGroup;
			children = (
				1D6058910D05DD3D006BFB54 /* JustRay.app */,
			);
			name = Product;
			sourceTree = "<group>";
		};
		223EA8A81EF6119A0077DB54 /* Shader */ = {
			isa = PBXGroup;
			children = (
				223EA8AC1EF612840077DB54 /* Shader */,
			);
			name = Shader;
			sourceTree = "<group>";
		};
		223EA8B41EF627A80077DB54 /* Game */ = {
			isa = PBXGroup;
			children = (
				223EA8B51EF627EF0077DB54 /* Application.cpp */,
				223EA8B61EF627EF0077DB54 /* Application.h */,
				223EA8B81EF62BE20077DB54 /* ModelViewer.cpp */,
				223EA8B91EF62BE20077DB54 /* ModelViewer.h */,
			);
			name = Game;
			sourceTree = "<group>";
		};
		226433C41EF55AF00076EBC0 /* Platform */ = {
			isa = PBXGroup;
			children = (
				223EA8B11EF6225C0077DB54 /* PerformanceTimer.cpp */,
				223EA8B21EF6225C0077DB54 /* PerformanceTimer.h */,
				22529A991EF5818600FDC476 /* Input.cpp */,
				22529A9A1EF5818600FDC476 /* Input.h */,
				22529A971EF5818600FDC476 /* Display.cpp */,
				22529A981EF5818600FDC476 /* Display.h */,
				22529AA11EF5818600FDC476 /* Platform.h */,
			);
			name = Platform;
			sourceTree = "<group>";
		};
		22C7C7361EF4E1D1009DA6B2 /* imgui */ = {
			isa = PBXGroup;
			children = (
				22C7C7431EF4E3C7009DA6B2 /* imgui_impl_sdl_gl3.cpp */,
				22C7C7441EF4E3C7009DA6B2 /* imgui_impl_sdl_gl3.h */,
				22C7C7371EF4E1E4009DA6B2 /* imconfig.h */,
				22C7C7381EF4E1E4009DA6B2 /* imgui_demo.cpp */,
				22C7C7391EF4E1E4009DA6B2 /* imgui_draw.cpp */,
				22C7C73A1EF4E1E4009DA6B2 /* imgui_internal.h */,
				22C7C73B1EF4E1E4009DA6B2 /* imgui.cpp */,
				22C7C73C1EF4E1E4009DA6B2 /* imgui.h */,
				22C7C73D1EF4E1E4009DA6B2 /* stb_rect_pack.h */,
				22C7C73E1EF4E1E4009DA6B2 /* stb_textedit.h */,
				22C7C73F1EF4E1E4009DA6B2 /* stb_truetype.h */,
			);
			name = imgui;
			sourceTree = "<group>";
		};
		22C7C74A1EF524C1009DA6B2 /* RenderEngine */ = {
			isa = PBXGroup;
			children = (
				223EA8BC1EF643D70077DB54 /* Material.cpp */,
				223EA8BD1EF643D70077DB54 /* Material.h */,
				22529AA01EF5818600FDC476 /* Mesh.h */,
				22529A9F1EF5818600FDC476 /* Mesh.cpp */,
				22529AA21EF5818600FDC476 /* RenderEngine.cpp */,
				22529AA31EF5818600FDC476 /* RenderEngine.h */,
				22529AA41EF5818600FDC476 /* ShaderProgram.cpp */,
				22529AA51EF5818600FDC476 /* ShaderProgram.h */,
				22529AA61EF5818600FDC476 /* Vertex.cpp */,
				22529AA71EF5818600FDC476 /* Vertex.h */,
				22529AA81EF5818600FDC476 /* VertexBuffer.cpp */,
				22529AA91EF5818600FDC476 /* VertexBuffer.h */,
				226433C41EF55AF00076EBC0 /* Platform */,
			);
			name = RenderEngine;
			sourceTree = "<group>";
		};
		22C7C7531EF533B0009DA6B2 /* Util */ = {
			isa = PBXGroup;
			children = (
				22529A9B1EF5818600FDC476 /* Json.cpp */,
				22529A9C1EF5818600FDC476 /* Json.h */,
				22529A9E1EF5818600FDC476 /* MathUtil.h */,
				223EA8AE1EF61BA80077DB54 /* AppleSystemTools.mm */,
				223EA8B01EF61C0E0077DB54 /* AppleSystemTools.h */,
			);
			name = Util;
			sourceTree = "<group>";
		};
		29B97314FDCFA39411CA2CEA /* CustomTemplate */ = {
			isa = PBXGroup;
			children = (
				945C4F52195AF17F00DBBF61 /* Default-568h@2x.png */,
				29B97315FDCFA39411CA2CEA /* Source */,
				29B97317FDCFA39411CA2CEA /* Resource */,
				29B97323FDCFA39411CA2CEA /* Framework */,
				19C28FACFE9D520D11CA2CBB /* Product */,
			);
			name = CustomTemplate;
			sourceTree = "<group>";
		};
		29B97315FDCFA39411CA2CEA /* Source */ = {
			isa = PBXGroup;
			children = (
				22529A9D1EF5818600FDC476 /* main.cpp */,
				223EA8B41EF627A80077DB54 /* Game */,
				22C7C7531EF533B0009DA6B2 /* Util */,
				22C7C74A1EF524C1009DA6B2 /* RenderEngine */,
				22C7C7361EF4E1D1009DA6B2 /* imgui */,
				944A65681957463F0094A81E /* SDL.xcodeproj */,
			);
			name = Source;
			sourceTree = "<group>";
		};
		29B97317FDCFA39411CA2CEA /* Resource */ = {
			isa = PBXGroup;
			children = (
				223EA8A81EF6119A0077DB54 /* Shader */,
				FD77A07E0E26BDA900F39101 /* Default.png */,
				FD77A07C0E26BD8C00F39101 /* Icon.png */,
				8D1107310486CEB800E47090 /* Info.plist */,
			);
			name = Resource;
			sourceTree = "<group>";
		};
		29B97323FDCFA39411CA2CEA /* Framework */ = {
			isa = PBXGroup;
			children = (
				22C7C7481EF52030009DA6B2 /* libz.tbd */,
				22C7C7341EF4E046009DA6B2 /* AVFoundation.framework */,
				FAE0E9641BAF967F0098DFA4 /* GameController.framework */,
				FA8B4B96196703B400F8EB7C /* CoreMotion.framework */,
				FDB8BFC50E5A0F6A00980157 /* CoreGraphics.framework */,
				FD77A0840E26BDB800F39101 /* AudioToolbox.framework */,
				FD779EDD0E26BA1200F39101 /* CoreAudio.framework */,
				28FD15070DC6FC5B0079059D /* QuartzCore.framework */,
				28FD14FF0DC6FC520079059D /* OpenGLES.framework */,
				1DF5F4DF0D08C38300B7A737 /* UIKit.framework */,
				1D30AB110D05D00D00671497 /* Foundation.framework */,
			);
			name = Framework;
			sourceTree = "<group>";
		};
		944A65691957463F0094A81E /* Products */ = {
			isa = PBXGroup;
			children = (
				944A656E1957463F0094A81E /* libSDL2.a */,
				22C7C72F1EF4DCE3009DA6B2 /* libSDL2.a */,
			);
			name = Products;
			sourceTree = "<group>";
		};
/* End PBXGroup section */

/* Begin PBXNativeTarget section */
		1D6058900D05DD3D006BFB54 /* JustRay */ = {
			isa = PBXNativeTarget;
			buildConfigurationList = 1D6058960D05DD3E006BFB54 /* Build configuration list for PBXNativeTarget "JustRay" */;
			buildPhases = (
				1D60588D0D05DD3D006BFB54 /* Resources */,
				1D60588E0D05DD3D006BFB54 /* Sources */,
				1D60588F0D05DD3D006BFB54 /* Frameworks */,
			);
			buildRules = (
			);
			dependencies = (
			);
			name = JustRay;
			productName = "___PROJECTNAME___";
			productReference = 1D6058910D05DD3D006BFB54 /* JustRay.app */;
			productType = "com.apple.product-type.application";
		};
/* End PBXNativeTarget section */

/* Begin PBXProject section */
		29B97313FDCFA39411CA2CEA /* Project object */ = {
			isa = PBXProject;
			attributes = {
				LastUpgradeCheck = 0510;
				TargetAttributes = {
					1D6058900D05DD3D006BFB54 = {
						DevelopmentTeam = 9BELX5264Q;
					};
				};
			};
			buildConfigurationList = C01FCF4E08A954540054247B /* Build configuration list for PBXProject "JustRay" */;
			compatibilityVersion = "Xcode 3.2";
			developmentRegion = English;
			hasScannedForEncodings = 1;
			knownRegions = (
				English,
				Japanese,
				French,
				German,
			);
			mainGroup = 29B97314FDCFA39411CA2CEA /* CustomTemplate */;
			projectDirPath = "";
			projectReferences = (
				{
					ProductGroup = 944A65691957463F0094A81E /* Products */;
					ProjectRef = 944A65681957463F0094A81E /* SDL.xcodeproj */;
				},
			);
			projectRoot = "";
			targets = (
				1D6058900D05DD3D006BFB54 /* JustRay */,
			);
		};
/* End PBXProject section */

/* Begin PBXReferenceProxy section */
		22C7C72F1EF4DCE3009DA6B2 /* libSDL2.a */ = {
			isa = PBXReferenceProxy;
			fileType = archive.ar;
			path = libSDL2.a;
			remoteRef = 22C7C72E1EF4DCE3009DA6B2 /* PBXContainerItemProxy */;
			sourceTree = BUILT_PRODUCTS_DIR;
		};
		944A656E1957463F0094A81E /* libSDL2.a */ = {
			isa = PBXReferenceProxy;
			fileType = archive.ar;
			path = libSDL2.a;
			remoteRef = 944A656D1957463F0094A81E /* PBXContainerItemProxy */;
			sourceTree = BUILT_PRODUCTS_DIR;
		};
/* End PBXReferenceProxy section */

/* Begin PBXResourcesBuildPhase section */
		1D60588D0D05DD3D006BFB54 /* Resources */ = {
			isa = PBXResourcesBuildPhase;
			buildActionMask = 2147483647;
			files = (
				FD77A07D0E26BD8C00F39101 /* Icon.png in Resources */,
				223EA8AD1EF612840077DB54 /* Shader in Resources */,
				FD77A07F0E26BDA900F39101 /* Default.png in Resources */,
				945C4F53195AF17F00DBBF61 /* Default-568h@2x.png in Resources */,
			);
			runOnlyForDeploymentPostprocessing = 0;
		};
/* End PBXResourcesBuildPhase section */

/* Begin PBXSourcesBuildPhase section */
		1D60588E0D05DD3D006BFB54 /* Sources */ = {
			isa = PBXSourcesBuildPhase;
			buildActionMask = 2147483647;
			files = (
				22529AB11EF5818600FDC476 /* Vertex.cpp in Sources */,
				223EA8AF1EF61BA80077DB54 /* AppleSystemTools.mm in Sources */,
				223EA8BA1EF62BE20077DB54 /* ModelViewer.cpp in Sources */,
				22529AAE1EF5818600FDC476 /* Mesh.cpp in Sources */,
				22529AB01EF5818600FDC476 /* ShaderProgram.cpp in Sources */,
				223EA8B71EF627EF0077DB54 /* Application.cpp in Sources */,
				223EA8B31EF6225C0077DB54 /* PerformanceTimer.cpp in Sources */,
				22C7C7411EF4E1E4009DA6B2 /* imgui_draw.cpp in Sources */,
				223EA8BE1EF643D70077DB54 /* Material.cpp in Sources */,
				22C7C7421EF4E1E4009DA6B2 /* imgui.cpp in Sources */,
				22C7C7401EF4E1E4009DA6B2 /* imgui_demo.cpp in Sources */,
				22529AAF1EF5818600FDC476 /* RenderEngine.cpp in Sources */,
				22529AAC1EF5818600FDC476 /* Json.cpp in Sources */,
				22529AAD1EF5818600FDC476 /* main.cpp in Sources */,
				22529AAA1EF5818600FDC476 /* Display.cpp in Sources */,
				22529AB21EF5818600FDC476 /* VertexBuffer.cpp in Sources */,
				22529AAB1EF5818600FDC476 /* Input.cpp in Sources */,
				22C7C7461EF4E3C7009DA6B2 /* imgui_impl_sdl_gl3.cpp in Sources */,
			);
			runOnlyForDeploymentPostprocessing = 0;
		};
/* End PBXSourcesBuildPhase section */

/* Begin XCBuildConfiguration section */
		1D6058940D05DD3E006BFB54 /* Debug */ = {
			isa = XCBuildConfiguration;
			buildSettings = {
				ALWAYS_SEARCH_USER_PATHS = NO;
				CLANG_CXX_LANGUAGE_STANDARD = "c++14";
				CLANG_CXX_LIBRARY = "libc++";
				COPY_PHASE_STRIP = NO;
				DEVELOPMENT_TEAM = 9BELX5264Q;
				GCC_DYNAMIC_NO_PIC = NO;
				GCC_OPTIMIZATION_LEVEL = 0;
				GCC_PRECOMPILE_PREFIX_HEADER = YES;
				GCC_PREFIX_HEADER = "";
				INFOPLIST_FILE = Info.plist;
				LIBRARY_SEARCH_PATHS = "$(inherited)";
				PRODUCT_BUNDLE_IDENTIFIER = name.haoxin;
				PRODUCT_NAME = JustRay;
				TARGETED_DEVICE_FAMILY = "1,2";
				USER_HEADER_SEARCH_PATHS = "../../../include $(SRCROOT)/ThirdParty/include";
			};
			name = Debug;
		};
		1D6058950D05DD3E006BFB54 /* Release */ = {
			isa = XCBuildConfiguration;
			buildSettings = {
				ALWAYS_SEARCH_USER_PATHS = NO;
				CLANG_CXX_LANGUAGE_STANDARD = "c++14";
				CLANG_CXX_LIBRARY = "libc++";
				COPY_PHASE_STRIP = YES;
				DEVELOPMENT_TEAM = 9BELX5264Q;
				GCC_PRECOMPILE_PREFIX_HEADER = YES;
				GCC_PREFIX_HEADER = "";
				INFOPLIST_FILE = Info.plist;
				LIBRARY_SEARCH_PATHS = "$(inherited)";
				PRODUCT_BUNDLE_IDENTIFIER = name.haoxin;
				PRODUCT_NAME = JustRay;
				TARGETED_DEVICE_FAMILY = "1,2";
				USER_HEADER_SEARCH_PATHS = "../../../include $(SRCROOT)/ThirdParty/include";
			};
			name = Release;
		};
		C01FCF4F08A954540054247B /* Debug */ = {
			isa = XCBuildConfiguration;
			buildSettings = {
				"CODE_SIGN_IDENTITY[sdk=iphoneos*]" = "iPhone Developer";
				GCC_C_LANGUAGE_STANDARD = c99;
				GCC_WARN_ABOUT_RETURN_TYPE = YES;
				GCC_WARN_UNUSED_VARIABLE = YES;
				ONLY_ACTIVE_ARCH = YES;
				OTHER_CFLAGS = "";
				PREBINDING = NO;
				SDKROOT = iphoneos;
			};
			name = Debug;
		};
		C01FCF5008A954540054247B /* Release */ = {
			isa = XCBuildConfiguration;
			buildSettings = {
				"CODE_SIGN_IDENTITY[sdk=iphoneos*]" = "iPhone Developer";
				GCC_C_LANGUAGE_STANDARD = c99;
				GCC_WARN_ABOUT_RETURN_TYPE = YES;
				GCC_WARN_UNUSED_VARIABLE = YES;
				OTHER_CFLAGS = "";
				PREBINDING = NO;
				SDKROOT = iphoneos;
			};
			name = Release;
		};
/* End XCBuildConfiguration section */

/* Begin XCConfigurationList section */
		1D6058960D05DD3E006BFB54 /* Build configuration list for PBXNativeTarget "JustRay" */ = {
			isa = XCConfigurationList;
			buildConfigurations = (
				1D6058940D05DD3E006BFB54 /* Debug */,
				1D6058950D05DD3E006BFB54 /* Release */,
			);
			defaultConfigurationIsVisible = 0;
			defaultConfigurationName = Release;
		};
		C01FCF4E08A954540054247B /* Build configuration list for PBXProject "JustRay" */ = {
			isa = XCConfigurationList;
			buildConfigurations = (
				C01FCF4F08A954540054247B /* Debug */,
				C01FCF5008A954540054247B /* Release */,
			);
			defaultConfigurationIsVisible = 0;
			defaultConfigurationName = Release;
		};
/* End XCConfigurationList section */
	};
	rootObject = 29B97313FDCFA39411CA2CEA /* Project object */;
}
