// !$*UTF8*$!
{
	archiveVersion = 1;
	classes = {
	};
	objectVersion = 46;
	objects = {

/* Begin PBXBuildFile section */
		1D60589F0D05DD5A006BFB54 /* Foundation.framework in Frameworks */ = {isa = PBXBuildFile; fileRef = 1D30AB110D05D00D00671497 /* Foundation.framework */; };
		1DF5F4E00D08C38300B7A737 /* UIKit.framework in Frameworks */ = {isa = PBXBuildFile; fileRef = 1DF5F4DF0D08C38300B7A737 /* UIKit.framework */; };
		226433BF1EF555410076EBC0 /* ShaderProgram.cpp in Sources */ = {isa = PBXBuildFile; fileRef = 226433BD1EF555410076EBC0 /* ShaderProgram.cpp */; };
		226433C71EF55B000076EBC0 /* Display.cpp in Sources */ = {isa = PBXBuildFile; fileRef = 226433C51EF55B000076EBC0 /* Display.cpp */; };
		226433CA1EF55B270076EBC0 /* Input.cpp in Sources */ = {isa = PBXBuildFile; fileRef = 226433C81EF55B270076EBC0 /* Input.cpp */; };
		226433CD1EF571EF0076EBC0 /* VertexBuffer.cpp in Sources */ = {isa = PBXBuildFile; fileRef = 226433CB1EF571EF0076EBC0 /* VertexBuffer.cpp */; };
		226433D01EF5726F0076EBC0 /* Vertex.cpp in Sources */ = {isa = PBXBuildFile; fileRef = 226433CE1EF5726F0076EBC0 /* Vertex.cpp */; };
		22C7C7351EF4E046009DA6B2 /* AVFoundation.framework in Frameworks */ = {isa = PBXBuildFile; fileRef = 22C7C7341EF4E046009DA6B2 /* AVFoundation.framework */; };
		22C7C7401EF4E1E4009DA6B2 /* imgui_demo.cpp in Sources */ = {isa = PBXBuildFile; fileRef = 22C7C7381EF4E1E4009DA6B2 /* imgui_demo.cpp */; };
		22C7C7411EF4E1E4009DA6B2 /* imgui_draw.cpp in Sources */ = {isa = PBXBuildFile; fileRef = 22C7C7391EF4E1E4009DA6B2 /* imgui_draw.cpp */; };
		22C7C7421EF4E1E4009DA6B2 /* imgui.cpp in Sources */ = {isa = PBXBuildFile; fileRef = 22C7C73B1EF4E1E4009DA6B2 /* imgui.cpp */; };
		22C7C7461EF4E3C7009DA6B2 /* imgui_impl_sdl_gl3.cpp in Sources */ = {isa = PBXBuildFile; fileRef = 22C7C7431EF4E3C7009DA6B2 /* imgui_impl_sdl_gl3.cpp */; };
		22C7C7491EF52030009DA6B2 /* libz.tbd in Frameworks */ = {isa = PBXBuildFile; fileRef = 22C7C7481EF52030009DA6B2 /* libz.tbd */; };
		22C7C7501EF5276A009DA6B2 /* RenderEngine.cpp in Sources */ = {isa = PBXBuildFile; fileRef = 22C7C74E1EF5276A009DA6B2 /* RenderEngine.cpp */; };
		22C7C7571EF54F8F009DA6B2 /* Mesh.cpp in Sources */ = {isa = PBXBuildFile; fileRef = 22C7C7551EF54F8F009DA6B2 /* Mesh.cpp */; };
		22C7C75B1EF550E1009DA6B2 /* Json.cpp in Sources */ = {isa = PBXBuildFile; fileRef = 22C7C7591EF550E1009DA6B2 /* Json.cpp */; };
		28FD15000DC6FC520079059D /* OpenGLES.framework in Frameworks */ = {isa = PBXBuildFile; fileRef = 28FD14FF0DC6FC520079059D /* OpenGLES.framework */; };
		28FD15080DC6FC5B0079059D /* QuartzCore.framework in Frameworks */ = {isa = PBXBuildFile; fileRef = 28FD15070DC6FC5B0079059D /* QuartzCore.framework */; };
		944A656F195747D90094A81E /* libSDL2.a in Frameworks */ = {isa = PBXBuildFile; fileRef = 944A656E1957463F0094A81E /* libSDL2.a */; };
		945C4F53195AF17F00DBBF61 /* Default-568h@2x.png in Resources */ = {isa = PBXBuildFile; fileRef = 945C4F52195AF17F00DBBF61 /* Default-568h@2x.png */; };
		FA8B4B97196703B400F8EB7C /* CoreMotion.framework in Frameworks */ = {isa = PBXBuildFile; fileRef = FA8B4B96196703B400F8EB7C /* CoreMotion.framework */; };
		FAE0E9651BAF967F0098DFA4 /* GameController.framework in Frameworks */ = {isa = PBXBuildFile; fileRef = FAE0E9641BAF967F0098DFA4 /* GameController.framework */; };
		FD779EDE0E26BA1200F39101 /* CoreAudio.framework in Frameworks */ = {isa = PBXBuildFile; fileRef = FD779EDD0E26BA1200F39101 /* CoreAudio.framework */; };
		FD77A07D0E26BD8C00F39101 /* Icon.png in Resources */ = {isa = PBXBuildFile; fileRef = FD77A07C0E26BD8C00F39101 /* Icon.png */; };
		FD77A07F0E26BDA900F39101 /* Default.png in Resources */ = {isa = PBXBuildFile; fileRef = FD77A07E0E26BDA900F39101 /* Default.png */; };
		FD77A0850E26BDB800F39101 /* AudioToolbox.framework in Frameworks */ = {isa = PBXBuildFile; fileRef = FD77A0840E26BDB800F39101 /* AudioToolbox.framework */; };
		FD77A09D0E26BDE500F39101 /* main.cpp in Sources */ = {isa = PBXBuildFile; fileRef = FD77A09C0E26BDE500F39101 /* main.cpp */; };
		FDB8BFC60E5A0F6A00980157 /* CoreGraphics.framework in Frameworks */ = {isa = PBXBuildFile; fileRef = FDB8BFC50E5A0F6A00980157 /* CoreGraphics.framework */; };
/* End PBXBuildFile section */

/* Begin PBXContainerItemProxy section */
		22C7C72E1EF4DCE3009DA6B2 /* PBXContainerItemProxy */ = {
			isa = PBXContainerItemProxy;
			containerPortal = 944A65681957463F0094A81E /* SDL.xcodeproj */;
			proxyType = 2;
			remoteGlobalIDString = FAB598141BB5C1B100BE72C5;
			remoteInfo = "libSDL-tv";
		};
		944A656D1957463F0094A81E /* PBXContainerItemProxy */ = {
			isa = PBXContainerItemProxy;
			containerPortal = 944A65681957463F0094A81E /* SDL.xcodeproj */;
			proxyType = 2;
			remoteGlobalIDString = FD6526630DE8FCCB002AD96B;
			remoteInfo = libSDL;
		};
/* End PBXContainerItemProxy section */

/* Begin PBXFileReference section */
		1D30AB110D05D00D00671497 /* Foundation.framework */ = {isa = PBXFileReference; lastKnownFileType = wrapper.framework; name = Foundation.framework; path = System/Library/Frameworks/Foundation.framework; sourceTree = SDKROOT; };
		1D6058910D05DD3D006BFB54 /* JustRay.app */ = {isa = PBXFileReference; explicitFileType = wrapper.application; includeInIndex = 0; path = JustRay.app; sourceTree = BUILT_PRODUCTS_DIR; };
		1DF5F4DF0D08C38300B7A737 /* UIKit.framework */ = {isa = PBXFileReference; lastKnownFileType = wrapper.framework; name = UIKit.framework; path = System/Library/Frameworks/UIKit.framework; sourceTree = SDKROOT; };
		226433BD1EF555410076EBC0 /* ShaderProgram.cpp */ = {isa = PBXFileReference; fileEncoding = 4; lastKnownFileType = sourcecode.cpp.cpp; path = ShaderProgram.cpp; sourceTree = "<group>"; };
		226433C01EF555D00076EBC0 /* ShaderProgram.h */ = {isa = PBXFileReference; fileEncoding = 4; lastKnownFileType = sourcecode.c.h; path = ShaderProgram.h; sourceTree = "<group>"; };
		226433C51EF55B000076EBC0 /* Display.cpp */ = {isa = PBXFileReference; fileEncoding = 4; lastKnownFileType = sourcecode.cpp.cpp; path = Display.cpp; sourceTree = "<group>"; };
		226433C61EF55B000076EBC0 /* Display.h */ = {isa = PBXFileReference; fileEncoding = 4; lastKnownFileType = sourcecode.c.h; path = Display.h; sourceTree = "<group>"; };
		226433C81EF55B270076EBC0 /* Input.cpp */ = {isa = PBXFileReference; fileEncoding = 4; lastKnownFileType = sourcecode.cpp.cpp; path = Input.cpp; sourceTree = "<group>"; };
		226433C91EF55B270076EBC0 /* Input.h */ = {isa = PBXFileReference; fileEncoding = 4; lastKnownFileType = sourcecode.c.h; path = Input.h; sourceTree = "<group>"; };
		226433CB1EF571EF0076EBC0 /* VertexBuffer.cpp */ = {isa = PBXFileReference; fileEncoding = 4; lastKnownFileType = sourcecode.cpp.cpp; path = VertexBuffer.cpp; sourceTree = "<group>"; };
		226433CC1EF571EF0076EBC0 /* VertexBuffer.h */ = {isa = PBXFileReference; fileEncoding = 4; lastKnownFileType = sourcecode.c.h; path = VertexBuffer.h; sourceTree = "<group>"; };
		226433CE1EF5726F0076EBC0 /* Vertex.cpp */ = {isa = PBXFileReference; fileEncoding = 4; lastKnownFileType = sourcecode.cpp.cpp; path = Vertex.cpp; sourceTree = "<group>"; };
		226433CF1EF5726F0076EBC0 /* Vertex.h */ = {isa = PBXFileReference; fileEncoding = 4; lastKnownFileType = sourcecode.c.h; path = Vertex.h; sourceTree = "<group>"; };
		22C7C7341EF4E046009DA6B2 /* AVFoundation.framework */ = {isa = PBXFileReference; lastKnownFileType = wrapper.framework; name = AVFoundation.framework; path = System/Library/Frameworks/AVFoundation.framework; sourceTree = SDKROOT; };
		22C7C7371EF4E1E4009DA6B2 /* imconfig.h */ = {isa = PBXFileReference; fileEncoding = 4; lastKnownFileType = sourcecode.c.h; name = imconfig.h; path = ThirdParty/imgui/imconfig.h; sourceTree = "<group>"; };
		22C7C7381EF4E1E4009DA6B2 /* imgui_demo.cpp */ = {isa = PBXFileReference; fileEncoding = 4; lastKnownFileType = sourcecode.cpp.cpp; name = imgui_demo.cpp; path = ThirdParty/imgui/imgui_demo.cpp; sourceTree = "<group>"; };
		22C7C7391EF4E1E4009DA6B2 /* imgui_draw.cpp */ = {isa = PBXFileReference; fileEncoding = 4; lastKnownFileType = sourcecode.cpp.cpp; name = imgui_draw.cpp; path = ThirdParty/imgui/imgui_draw.cpp; sourceTree = "<group>"; };
		22C7C73A1EF4E1E4009DA6B2 /* imgui_internal.h */ = {isa = PBXFileReference; fileEncoding = 4; lastKnownFileType = sourcecode.c.h; name = imgui_internal.h; path = ThirdParty/imgui/imgui_internal.h; sourceTree = "<group>"; };
		22C7C73B1EF4E1E4009DA6B2 /* imgui.cpp */ = {isa = PBXFileReference; fileEncoding = 4; lastKnownFileType = sourcecode.cpp.cpp; name = imgui.cpp; path = ThirdParty/imgui/imgui.cpp; sourceTree = "<group>"; };
		22C7C73C1EF4E1E4009DA6B2 /* imgui.h */ = {isa = PBXFileReference; fileEncoding = 4; lastKnownFileType = sourcecode.c.h; name = imgui.h; path = ThirdParty/imgui/imgui.h; sourceTree = "<group>"; };
		22C7C73D1EF4E1E4009DA6B2 /* stb_rect_pack.h */ = {isa = PBXFileReference; fileEncoding = 4; lastKnownFileType = sourcecode.c.h; name = stb_rect_pack.h; path = ThirdParty/imgui/stb_rect_pack.h; sourceTree = "<group>"; };
		22C7C73E1EF4E1E4009DA6B2 /* stb_textedit.h */ = {isa = PBXFileReference; fileEncoding = 4; lastKnownFileType = sourcecode.c.h; name = stb_textedit.h; path = ThirdParty/imgui/stb_textedit.h; sourceTree = "<group>"; };
		22C7C73F1EF4E1E4009DA6B2 /* stb_truetype.h */ = {isa = PBXFileReference; fileEncoding = 4; lastKnownFileType = sourcecode.c.h; name = stb_truetype.h; path = ThirdParty/imgui/stb_truetype.h; sourceTree = "<group>"; };
		22C7C7431EF4E3C7009DA6B2 /* imgui_impl_sdl_gl3.cpp */ = {isa = PBXFileReference; fileEncoding = 4; lastKnownFileType = sourcecode.cpp.cpp; name = imgui_impl_sdl_gl3.cpp; path = ThirdParty/imgui/examples/sdl_opengl3_example/imgui_impl_sdl_gl3.cpp; sourceTree = "<group>"; };
		22C7C7441EF4E3C7009DA6B2 /* imgui_impl_sdl_gl3.h */ = {isa = PBXFileReference; fileEncoding = 4; lastKnownFileType = sourcecode.c.h; name = imgui_impl_sdl_gl3.h; path = ThirdParty/imgui/examples/sdl_opengl3_example/imgui_impl_sdl_gl3.h; sourceTree = "<group>"; };
		22C7C7481EF52030009DA6B2 /* libz.tbd */ = {isa = PBXFileReference; lastKnownFileType = "sourcecode.text-based-dylib-definition"; name = libz.tbd; path = usr/lib/libz.tbd; sourceTree = SDKROOT; };
		22C7C74E1EF5276A009DA6B2 /* RenderEngine.cpp */ = {isa = PBXFileReference; fileEncoding = 4; lastKnownFileType = sourcecode.cpp.cpp; path = RenderEngine.cpp; sourceTree = "<group>"; };
		22C7C74F1EF5276A009DA6B2 /* RenderEngine.h */ = {isa = PBXFileReference; fileEncoding = 4; lastKnownFileType = sourcecode.c.h; path = RenderEngine.h; sourceTree = "<group>"; };
		22C7C7541EF533E2009DA6B2 /* MathUtil.h */ = {isa = PBXFileReference; fileEncoding = 4; lastKnownFileType = sourcecode.c.h; path = MathUtil.h; sourceTree = "<group>"; };
		22C7C7551EF54F8F009DA6B2 /* Mesh.cpp */ = {isa = PBXFileReference; fileEncoding = 4; lastKnownFileType = sourcecode.cpp.cpp; path = Mesh.cpp; sourceTree = "<group>"; };
		22C7C7561EF54F8F009DA6B2 /* Mesh.h */ = {isa = PBXFileReference; fileEncoding = 4; lastKnownFileType = sourcecode.c.h; path = Mesh.h; sourceTree = "<group>"; };
		22C7C7581EF54FD1009DA6B2 /* Platform.h */ = {isa = PBXFileReference; lastKnownFileType = sourcecode.c.h; path = Platform.h; sourceTree = "<group>"; };
		22C7C7591EF550E1009DA6B2 /* Json.cpp */ = {isa = PBXFileReference; fileEncoding = 4; lastKnownFileType = sourcecode.cpp.cpp; path = Json.cpp; sourceTree = "<group>"; };
		22C7C75A1EF550E1009DA6B2 /* Json.h */ = {isa = PBXFileReference; fileEncoding = 4; lastKnownFileType = sourcecode.c.h; path = Json.h; sourceTree = "<group>"; };
		28FD14FF0DC6FC520079059D /* OpenGLES.framework */ = {isa = PBXFileReference; lastKnownFileType = wrapper.framework; name = OpenGLES.framework; path = System/Library/Frameworks/OpenGLES.framework; sourceTree = SDKROOT; };
		28FD15070DC6FC5B0079059D /* QuartzCore.framework */ = {isa = PBXFileReference; lastKnownFileType = wrapper.framework; name = QuartzCore.framework; path = System/Library/Frameworks/QuartzCore.framework; sourceTree = SDKROOT; };
		8D1107310486CEB800E47090 /* Info.plist */ = {isa = PBXFileReference; fileEncoding = 4; lastKnownFileType = text.plist.xml; path = Info.plist; sourceTree = "<group>"; };
		944A65681957463F0094A81E /* SDL.xcodeproj */ = {isa = PBXFileReference; lastKnownFileType = "wrapper.pb-project"; name = SDL.xcodeproj; path = ../../SDL/SDL.xcodeproj; sourceTree = "<group>"; };
		945C4F52195AF17F00DBBF61 /* Default-568h@2x.png */ = {isa = PBXFileReference; lastKnownFileType = image.png; path = "Default-568h@2x.png"; sourceTree = "<group>"; };
		FA8B4B96196703B400F8EB7C /* CoreMotion.framework */ = {isa = PBXFileReference; lastKnownFileType = wrapper.framework; name = CoreMotion.framework; path = System/Library/Frameworks/CoreMotion.framework; sourceTree = SDKROOT; };
		FAE0E9641BAF967F0098DFA4 /* GameController.framework */ = {isa = PBXFileReference; lastKnownFileType = wrapper.framework; name = GameController.framework; path = System/Library/Frameworks/GameController.framework; sourceTree = SDKROOT; };
		FD779EDD0E26BA1200F39101 /* CoreAudio.framework */ = {isa = PBXFileReference; lastKnownFileType = wrapper.framework; name = CoreAudio.framework; path = System/Library/Frameworks/CoreAudio.framework; sourceTree = SDKROOT; };
		FD77A07C0E26BD8C00F39101 /* Icon.png */ = {isa = PBXFileReference; lastKnownFileType = image.png; path = Icon.png; sourceTree = "<group>"; };
		FD77A07E0E26BDA900F39101 /* Default.png */ = {isa = PBXFileReference; lastKnownFileType = image.png; path = Default.png; sourceTree = "<group>"; };
		FD77A0840E26BDB800F39101 /* AudioToolbox.framework */ = {isa = PBXFileReference; lastKnownFileType = wrapper.framework; name = AudioToolbox.framework; path = System/Library/Frameworks/AudioToolbox.framework; sourceTree = SDKROOT; };
		FD77A09C0E26BDE500F39101 /* main.cpp */ = {isa = PBXFileReference; fileEncoding = 4; lastKnownFileType = sourcecode.cpp.cpp; path = main.cpp; sourceTree = "<group>"; };
		FDB8BFC50E5A0F6A00980157 /* CoreGraphics.framework */ = {isa = PBXFileReference; lastKnownFileType = wrapper.framework; name = CoreGraphics.framework; path = System/Library/Frameworks/CoreGraphics.framework; sourceTree = SDKROOT; };
/* End PBXFileReference section */

/* Begin PBXFrameworksBuildPhase section */
		1D60588F0D05DD3D006BFB54 /* Frameworks */ = {
			isa = PBXFrameworksBuildPhase;
			buildActionMask = 2147483647;
			files = (
				22C7C7491EF52030009DA6B2 /* libz.tbd in Frameworks */,
				28FD15000DC6FC520079059D /* OpenGLES.framework in Frameworks */,
				22C7C7351EF4E046009DA6B2 /* AVFoundation.framework in Frameworks */,
				944A656F195747D90094A81E /* libSDL2.a in Frameworks */,
				FAE0E9651BAF967F0098DFA4 /* GameController.framework in Frameworks */,
				1D60589F0D05DD5A006BFB54 /* Foundation.framework in Frameworks */,
				1DF5F4E00D08C38300B7A737 /* UIKit.framework in Frameworks */,
				28FD15080DC6FC5B0079059D /* QuartzCore.framework in Frameworks */,
				FD779EDE0E26BA1200F39101 /* CoreAudio.framework in Frameworks */,
				FD77A0850E26BDB800F39101 /* AudioToolbox.framework in Frameworks */,
				FDB8BFC60E5A0F6A00980157 /* CoreGraphics.framework in Frameworks */,
				FA8B4B97196703B400F8EB7C /* CoreMotion.framework in Frameworks */,
			);
			runOnlyForDeploymentPostprocessing = 0;
		};
/* End PBXFrameworksBuildPhase section */

/* Begin PBXGroup section */
		19C28FACFE9D520D11CA2CBB /* Products */ = {
			isa = PBXGroup;
			children = (
				1D6058910D05DD3D006BFB54 /* JustRay.app */,
			);
			name = Products;
			sourceTree = "<group>";
		};
		226433C41EF55AF00076EBC0 /* Platform */ = {
			isa = PBXGroup;
			children = (
				226433C81EF55B270076EBC0 /* Input.cpp */,
				226433C91EF55B270076EBC0 /* Input.h */,
				226433C51EF55B000076EBC0 /* Display.cpp */,
				226433C61EF55B000076EBC0 /* Display.h */,
				22C7C7581EF54FD1009DA6B2 /* Platform.h */,
			);
			name = Platform;
			sourceTree = "<group>";
		};
		22C7C7361EF4E1D1009DA6B2 /* imgui */ = {
			isa = PBXGroup;
			children = (
				22C7C7431EF4E3C7009DA6B2 /* imgui_impl_sdl_gl3.cpp */,
				22C7C7441EF4E3C7009DA6B2 /* imgui_impl_sdl_gl3.h */,
				22C7C7371EF4E1E4009DA6B2 /* imconfig.h */,
				22C7C7381EF4E1E4009DA6B2 /* imgui_demo.cpp */,
				22C7C7391EF4E1E4009DA6B2 /* imgui_draw.cpp */,
				22C7C73A1EF4E1E4009DA6B2 /* imgui_internal.h */,
				22C7C73B1EF4E1E4009DA6B2 /* imgui.cpp */,
				22C7C73C1EF4E1E4009DA6B2 /* imgui.h */,
				22C7C73D1EF4E1E4009DA6B2 /* stb_rect_pack.h */,
				22C7C73E1EF4E1E4009DA6B2 /* stb_textedit.h */,
				22C7C73F1EF4E1E4009DA6B2 /* stb_truetype.h */,
			);
			name = imgui;
			sourceTree = "<group>";
		};
		22C7C74A1EF524C1009DA6B2 /* RenderEngine */ = {
			isa = PBXGroup;
			children = (
				226433C41EF55AF00076EBC0 /* Platform */,
				22C7C74E1EF5276A009DA6B2 /* RenderEngine.cpp */,
				22C7C74F1EF5276A009DA6B2 /* RenderEngine.h */,
				22C7C7551EF54F8F009DA6B2 /* Mesh.cpp */,
				22C7C7561EF54F8F009DA6B2 /* Mesh.h */,
				226433C01EF555D00076EBC0 /* ShaderProgram.h */,
				226433BD1EF555410076EBC0 /* ShaderProgram.cpp */,
				226433CB1EF571EF0076EBC0 /* VertexBuffer.cpp */,
				226433CC1EF571EF0076EBC0 /* VertexBuffer.h */,
				226433CE1EF5726F0076EBC0 /* Vertex.cpp */,
				226433CF1EF5726F0076EBC0 /* Vertex.h */,
			);
			name = RenderEngine;
			sourceTree = "<group>";
		};
		22C7C7531EF533B0009DA6B2 /* Util */ = {
			isa = PBXGroup;
			children = (
				22C7C7591EF550E1009DA6B2 /* Json.cpp */,
				22C7C75A1EF550E1009DA6B2 /* Json.h */,
				22C7C7541EF533E2009DA6B2 /* MathUtil.h */,
			);
			name = Util;
			sourceTree = "<group>";
		};
		29B97314FDCFA39411CA2CEA /* CustomTemplate */ = {
			isa = PBXGroup;
			children = (
				945C4F52195AF17F00DBBF61 /* Default-568h@2x.png */,
				29B97315FDCFA39411CA2CEA /* Sources */,
				29B97317FDCFA39411CA2CEA /* Resources */,
				29B97323FDCFA39411CA2CEA /* Frameworks */,
				19C28FACFE9D520D11CA2CBB /* Products */,
			);
			name = CustomTemplate;
			sourceTree = "<group>";
		};
		29B97315FDCFA39411CA2CEA /* Sources */ = {
			isa = PBXGroup;
			children = (
				22C7C7531EF533B0009DA6B2 /* Util */,
				22C7C74A1EF524C1009DA6B2 /* RenderEngine */,
				22C7C7361EF4E1D1009DA6B2 /* imgui */,
				944A65681957463F0094A81E /* SDL.xcodeproj */,
				FD77A09C0E26BDE500F39101 /* main.cpp */,
			);
			name = Sources;
			sourceTree = "<group>";
		};
		29B97317FDCFA39411CA2CEA /* Resources */ = {
			isa = PBXGroup;
			children = (
				FD77A07E0E26BDA900F39101 /* Default.png */,
				FD77A07C0E26BD8C00F39101 /* Icon.png */,
				8D1107310486CEB800E47090 /* Info.plist */,
			);
			name = Resources;
			sourceTree = "<group>";
		};
		29B97323FDCFA39411CA2CEA /* Frameworks */ = {
			isa = PBXGroup;
			children = (
				22C7C7481EF52030009DA6B2 /* libz.tbd */,
				22C7C7341EF4E046009DA6B2 /* AVFoundation.framework */,
				FAE0E9641BAF967F0098DFA4 /* GameController.framework */,
				FA8B4B96196703B400F8EB7C /* CoreMotion.framework */,
				FDB8BFC50E5A0F6A00980157 /* CoreGraphics.framework */,
				FD77A0840E26BDB800F39101 /* AudioToolbox.framework */,
				FD779EDD0E26BA1200F39101 /* CoreAudio.framework */,
				28FD15070DC6FC5B0079059D /* QuartzCore.framework */,
				28FD14FF0DC6FC520079059D /* OpenGLES.framework */,
				1DF5F4DF0D08C38300B7A737 /* UIKit.framework */,
				1D30AB110D05D00D00671497 /* Foundation.framework */,
			);
			name = Frameworks;
			sourceTree = "<group>";
		};
		944A65691957463F0094A81E /* Products */ = {
			isa = PBXGroup;
			children = (
				944A656E1957463F0094A81E /* libSDL2.a */,
				22C7C72F1EF4DCE3009DA6B2 /* libSDL2.a */,
			);
			name = Products;
			sourceTree = "<group>";
		};
/* End PBXGroup section */

/* Begin PBXNativeTarget section */
		1D6058900D05DD3D006BFB54 /* JustRay */ = {
			isa = PBXNativeTarget;
			buildConfigurationList = 1D6058960D05DD3E006BFB54 /* Build configuration list for PBXNativeTarget "JustRay" */;
			buildPhases = (
				1D60588D0D05DD3D006BFB54 /* Resources */,
				1D60588E0D05DD3D006BFB54 /* Sources */,
				1D60588F0D05DD3D006BFB54 /* Frameworks */,
			);
			buildRules = (
			);
			dependencies = (
			);
			name = JustRay;
			productName = "___PROJECTNAME___";
			productReference = 1D6058910D05DD3D006BFB54 /* JustRay.app */;
			productType = "com.apple.product-type.application";
		};
/* End PBXNativeTarget section */

/* Begin PBXProject section */
		29B97313FDCFA39411CA2CEA /* Project object */ = {
			isa = PBXProject;
			attributes = {
				LastUpgradeCheck = 0510;
				TargetAttributes = {
					1D6058900D05DD3D006BFB54 = {
						DevelopmentTeam = 9BELX5264Q;
					};
				};
			};
			buildConfigurationList = C01FCF4E08A954540054247B /* Build configuration list for PBXProject "JustRay" */;
			compatibilityVersion = "Xcode 3.2";
			developmentRegion = English;
			hasScannedForEncodings = 1;
			knownRegions = (
				English,
				Japanese,
				French,
				German,
			);
			mainGroup = 29B97314FDCFA39411CA2CEA /* CustomTemplate */;
			projectDirPath = "";
			projectReferences = (
				{
					ProductGroup = 944A65691957463F0094A81E /* Products */;
					ProjectRef = 944A65681957463F0094A81E /* SDL.xcodeproj */;
				},
			);
			projectRoot = "";
			targets = (
				1D6058900D05DD3D006BFB54 /* JustRay */,
			);
		};
/* End PBXProject section */

/* Begin PBXReferenceProxy section */
		22C7C72F1EF4DCE3009DA6B2 /* libSDL2.a */ = {
			isa = PBXReferenceProxy;
			fileType = archive.ar;
			path = libSDL2.a;
			remoteRef = 22C7C72E1EF4DCE3009DA6B2 /* PBXContainerItemProxy */;
			sourceTree = BUILT_PRODUCTS_DIR;
		};
		944A656E1957463F0094A81E /* libSDL2.a */ = {
			isa = PBXReferenceProxy;
			fileType = archive.ar;
			path = libSDL2.a;
			remoteRef = 944A656D1957463F0094A81E /* PBXContainerItemProxy */;
			sourceTree = BUILT_PRODUCTS_DIR;
		};
/* End PBXReferenceProxy section */

/* Begin PBXResourcesBuildPhase section */
		1D60588D0D05DD3D006BFB54 /* Resources */ = {
			isa = PBXResourcesBuildPhase;
			buildActionMask = 2147483647;
			files = (
				FD77A07D0E26BD8C00F39101 /* Icon.png in Resources */,
				FD77A07F0E26BDA900F39101 /* Default.png in Resources */,
				945C4F53195AF17F00DBBF61 /* Default-568h@2x.png in Resources */,
			);
			runOnlyForDeploymentPostprocessing = 0;
		};
/* End PBXResourcesBuildPhase section */

/* Begin PBXSourcesBuildPhase section */
		1D60588E0D05DD3D006BFB54 /* Sources */ = {
			isa = PBXSourcesBuildPhase;
			buildActionMask = 2147483647;
			files = (
				22C7C7411EF4E1E4009DA6B2 /* imgui_draw.cpp in Sources */,
				22C7C7421EF4E1E4009DA6B2 /* imgui.cpp in Sources */,
				22C7C7401EF4E1E4009DA6B2 /* imgui_demo.cpp in Sources */,
				226433CA1EF55B270076EBC0 /* Input.cpp in Sources */,
				22C7C75B1EF550E1009DA6B2 /* Json.cpp in Sources */,
				226433CD1EF571EF0076EBC0 /* VertexBuffer.cpp in Sources */,
				226433C71EF55B000076EBC0 /* Display.cpp in Sources */,
				22C7C7571EF54F8F009DA6B2 /* Mesh.cpp in Sources */,
				FD77A09D0E26BDE500F39101 /* main.cpp in Sources */,
				226433BF1EF555410076EBC0 /* ShaderProgram.cpp in Sources */,
				22C7C7461EF4E3C7009DA6B2 /* imgui_impl_sdl_gl3.cpp in Sources */,
				22C7C7501EF5276A009DA6B2 /* RenderEngine.cpp in Sources */,
				226433D01EF5726F0076EBC0 /* Vertex.cpp in Sources */,
			);
			runOnlyForDeploymentPostprocessing = 0;
		};
/* End PBXSourcesBuildPhase section */

/* Begin XCBuildConfiguration section */
		1D6058940D05DD3E006BFB54 /* Debug */ = {
			isa = XCBuildConfiguration;
			buildSettings = {
				ALWAYS_SEARCH_USER_PATHS = NO;
				CLANG_CXX_LANGUAGE_STANDARD = "c++14";
				CLANG_CXX_LIBRARY = "libc++";
				COPY_PHASE_STRIP = NO;
				DEVELOPMENT_TEAM = 9BELX5264Q;
				GCC_DYNAMIC_NO_PIC = NO;
				GCC_OPTIMIZATION_LEVEL = 0;
				GCC_PRECOMPILE_PREFIX_HEADER = YES;
				GCC_PREFIX_HEADER = "";
				INFOPLIST_FILE = Info.plist;
				LIBRARY_SEARCH_PATHS = "$(inherited)";
				PRODUCT_BUNDLE_IDENTIFIER = name.haoxin;
				PRODUCT_NAME = JustRay;
				TARGETED_DEVICE_FAMILY = "1,2";
				USER_HEADER_SEARCH_PATHS = "../../../include $(SRCROOT)/ThirdParty/include";
			};
			name = Debug;
		};
		1D6058950D05DD3E006BFB54 /* Release */ = {
			isa = XCBuildConfiguration;
			buildSettings = {
				ALWAYS_SEARCH_USER_PATHS = NO;
				CLANG_CXX_LANGUAGE_STANDARD = "c++14";
				CLANG_CXX_LIBRARY = "libc++";
				COPY_PHASE_STRIP = YES;
				DEVELOPMENT_TEAM = 9BELX5264Q;
				GCC_PRECOMPILE_PREFIX_HEADER = YES;
				GCC_PREFIX_HEADER = "";
				INFOPLIST_FILE = Info.plist;
				LIBRARY_SEARCH_PATHS = "$(inherited)";
				PRODUCT_BUNDLE_IDENTIFIER = name.haoxin;
				PRODUCT_NAME = JustRay;
				TARGETED_DEVICE_FAMILY = "1,2";
				USER_HEADER_SEARCH_PATHS = "../../../include $(SRCROOT)/ThirdParty/include";
			};
			name = Release;
		};
		C01FCF4F08A954540054247B /* Debug */ = {
			isa = XCBuildConfiguration;
			buildSettings = {
				"CODE_SIGN_IDENTITY[sdk=iphoneos*]" = "iPhone Developer";
				GCC_C_LANGUAGE_STANDARD = c99;
				GCC_WARN_ABOUT_RETURN_TYPE = YES;
				GCC_WARN_UNUSED_VARIABLE = YES;
				ONLY_ACTIVE_ARCH = YES;
				OTHER_CFLAGS = "";
				PREBINDING = NO;
				SDKROOT = iphoneos;
			};
			name = Debug;
		};
		C01FCF5008A954540054247B /* Release */ = {
			isa = XCBuildConfiguration;
			buildSettings = {
				"CODE_SIGN_IDENTITY[sdk=iphoneos*]" = "iPhone Developer";
				GCC_C_LANGUAGE_STANDARD = c99;
				GCC_WARN_ABOUT_RETURN_TYPE = YES;
				GCC_WARN_UNUSED_VARIABLE = YES;
				OTHER_CFLAGS = "";
				PREBINDING = NO;
				SDKROOT = iphoneos;
			};
			name = Release;
		};
/* End XCBuildConfiguration section */

/* Begin XCConfigurationList section */
		1D6058960D05DD3E006BFB54 /* Build configuration list for PBXNativeTarget "JustRay" */ = {
			isa = XCConfigurationList;
			buildConfigurations = (
				1D6058940D05DD3E006BFB54 /* Debug */,
				1D6058950D05DD3E006BFB54 /* Release */,
			);
			defaultConfigurationIsVisible = 0;
			defaultConfigurationName = Release;
		};
		C01FCF4E08A954540054247B /* Build configuration list for PBXProject "JustRay" */ = {
			isa = XCConfigurationList;
			buildConfigurations = (
				C01FCF4F08A954540054247B /* Debug */,
				C01FCF5008A954540054247B /* Release */,
			);
			defaultConfigurationIsVisible = 0;
			defaultConfigurationName = Release;
		};
/* End XCConfigurationList section */
	};
	rootObject = 29B97313FDCFA39411CA2CEA /* Project object */;
}
